PODS:
  - roam-ios (0.1.31):
    - roam-ios/Roam (= 0.1.31)
  - roam-ios/Roam (0.1.31)

DEPENDENCIES:
  - roam-ios (= 0.1.31)

SPEC REPOS:
  trunk:
    - roam-ios

SPEC CHECKSUMS:
  roam-ios: 8a1c7b9fccaa298ad8a9a404768d602fb47cd2a3

PODFILE CHECKSUM: b10a4fdfa4ace2d471954b45ff76b71af682928e

COCOAPODS: 1.16.2
